Microsoft Visual Studio Solution File, Format Version 12.00
# Visual Studio Version 17
VisualStudioVersion = 17.0.31903.59
MinimumVisualStudioVersion = 10.0.40219.1
Project("{2150E333-8FDC-42A3-9474-1A3956D46DE8}") = "src", "src", "{B29049C2-2640-400C-8AE3-9611660A0CA2}"
EndProject
Project("{FAE04EC0-301F-11D3-BF4B-00C04F79EFBC}") = "FluentComms.Core", "src\FluentComms.Core\FluentComms.Core.csproj", "{94B88217-0E71-4514-A2D2-1D32A5A60353}"
EndProject
Project("{2150E333-8FDC-42A3-9474-1A3956D46DE8}") = "Providers", "Providers", "{A05452A0-2E06-42D4-ACDB-F2B3ED4C86B8}"
EndProject
Project("{FAE04EC0-301F-11D3-BF4B-00C04F79EFBC}") = "FluentComms.Providers.SendGrid", "src\Providers\FluentComms.Providers.SendGrid\FluentComms.Providers.SendGrid.csproj", "{C60F83D5-A934-4B0E-B04D-8233CCB24496}"
EndProject
Project("{FAE04EC0-301F-11D3-BF4B-00C04F79EFBC}") = "FluentComms.Providers.Azure", "src\Providers\FluentComms.Providers.Azure\FluentComms.Providers.Azure.csproj", "{0EAFACD8-332A-4DF5-B4CE-CCD192AC1FE4}"
EndProject
Project("{FAE04EC0-301F-11D3-BF4B-00C04F79EFBC}") = "FluentComms.Renderers.Liquid", "src\Renderers\FluentComms.Renderers.Liquid\FluentComms.Renderers.Liquid.csproj", "{8F2A1B3C-4D5E-6F7A-8B9C-0D1E2F3A4B5C}"
EndProject
Project("{FAE04EC0-301F-11D3-BF4B-00C04F79EFBC}") = "FluentComms.Renderers.Razor", "src\Renderers\FluentComms.Renderers.Razor\FluentComms.Renderers.Razor.csproj", "{9E3F2C4D-5E6F-7A8B-9C0D-1E2F3A4B5C6D}"
EndProject
Project("{FAE04EC0-301F-11D3-BF4B-00C04F79EFBC}") = "FluentComms.Renderers.Markdown", "src\Renderers\FluentComms.Renderers.Markdown\FluentComms.Renderers.Markdown.csproj", "{7B8C9D0E-1F2A-3B4C-5D6E-7F8A9B0C1D2E}"
EndProject
Project("{2150E333-8FDC-42A3-9474-1A3956D46DE8}") = "tests", "tests", "{AF94BC20-1B80-4585-98C7-1116EA95CB3D}"
EndProject
Project("{FAE04EC0-301F-11D3-BF4B-00C04F79EFBC}") = "FluentComms.Core.Tests", "tests\FluentComms.Core.Tests\FluentComms.Core.Tests.csproj", "{A50A5F02-44C2-4872-97EC-9EDEB1009CCA}"
EndProject
Project("{FAE04EC0-301F-11D3-BF4B-00C04F79EFBC}") = "FluentComms.Providers.SendGrid.Tests", "tests\FluentComms.Providers.SendGrid.Tests\FluentComms.Providers.SendGrid.Tests.csproj", "{393A4BEC-A234-4D66-B2BA-D3AF01657160}"
EndProject
Project("{FAE04EC0-301F-11D3-BF4B-00C04F79EFBC}") = "FluentComms.Providers.Azure.Tests", "tests\FluentComms.Providers.Azure.Tests\FluentComms.Providers.Azure.Tests.csproj", "{607C129E-2B8C-4F94-811C-7746341D74E0}"
EndProject
Project("{2150E333-8FDC-42A3-9474-1A3956D46DE8}") = "Renderers", "Renderers", "{EEF3836F-20CB-4FCE-80E6-196CB494F360}"
EndProject
Global
	GlobalSection(SolutionConfigurationPlatforms) = preSolution
		Debug|Any CPU = Debug|Any CPU
		Release|Any CPU = Release|Any CPU
	EndGlobalSection
	GlobalSection(SolutionProperties) = preSolution
		HideSolutionNode = FALSE
	EndGlobalSection
	GlobalSection(ProjectConfigurationPlatforms) = postSolution
		{94B88217-0E71-4514-A2D2-1D32A5A60353}.Debug|Any CPU.ActiveCfg = Debug|Any CPU
		{94B88217-0E71-4514-A2D2-1D32A5A60353}.Debug|Any CPU.Build.0 = Debug|Any CPU
		{94B88217-0E71-4514-A2D2-1D32A5A60353}.Release|Any CPU.ActiveCfg = Release|Any CPU
		{94B88217-0E71-4514-A2D2-1D32A5A60353}.Release|Any CPU.Build.0 = Release|Any CPU
		{C60F83D5-A934-4B0E-B04D-8233CCB24496}.Debug|Any CPU.ActiveCfg = Debug|Any CPU
		{C60F83D5-A934-4B0E-B04D-8233CCB24496}.Debug|Any CPU.Build.0 = Debug|Any CPU
		{C60F83D5-A934-4B0E-B04D-8233CCB24496}.Release|Any CPU.ActiveCfg = Release|Any CPU
		{C60F83D5-A934-4B0E-B04D-8233CCB24496}.Release|Any CPU.Build.0 = Release|Any CPU
		{0EAFACD8-332A-4DF5-B4CE-CCD192AC1FE4}.Debug|Any CPU.ActiveCfg = Debug|Any CPU
		{0EAFACD8-332A-4DF5-B4CE-CCD192AC1FE4}.Debug|Any CPU.Build.0 = Debug|Any CPU
		{0EAFACD8-332A-4DF5-B4CE-CCD192AC1FE4}.Release|Any CPU.ActiveCfg = Release|Any CPU
		{0EAFACD8-332A-4DF5-B4CE-CCD192AC1FE4}.Release|Any CPU.Build.0 = Release|Any CPU
		{8F2A1B3C-4D5E-6F7A-8B9C-0D1E2F3A4B5C}.Debug|Any CPU.ActiveCfg = Debug|Any CPU
		{8F2A1B3C-4D5E-6F7A-8B9C-0D1E2F3A4B5C}.Debug|Any CPU.Build.0 = Debug|Any CPU
		{8F2A1B3C-4D5E-6F7A-8B9C-0D1E2F3A4B5C}.Release|Any CPU.ActiveCfg = Release|Any CPU
		{8F2A1B3C-4D5E-6F7A-8B9C-0D1E2F3A4B5C}.Release|Any CPU.Build.0 = Release|Any CPU
		{9E3F2C4D-5E6F-7A8B-9C0D-1E2F3A4B5C6D}.Debug|Any CPU.ActiveCfg = Debug|Any CPU
		{9E3F2C4D-5E6F-7A8B-9C0D-1E2F3A4B5C6D}.Debug|Any CPU.Build.0 = Debug|Any CPU
		{9E3F2C4D-5E6F-7A8B-9C0D-1E2F3A4B5C6D}.Release|Any CPU.ActiveCfg = Release|Any CPU
		{9E3F2C4D-5E6F-7A8B-9C0D-1E2F3A4B5C6D}.Release|Any CPU.Build.0 = Release|Any CPU
		{A50A5F02-44C2-4872-97EC-9EDEB1009CCA}.Debug|Any CPU.ActiveCfg = Debug|Any CPU
		{A50A5F02-44C2-4872-97EC-9EDEB1009CCA}.Debug|Any CPU.Build.0 = Debug|Any CPU
		{A50A5F02-44C2-4872-97EC-9EDEB1009CCA}.Release|Any CPU.ActiveCfg = Release|Any CPU
		{A50A5F02-44C2-4872-97EC-9EDEB1009CCA}.Release|Any CPU.Build.0 = Release|Any CPU
		{393A4BEC-A234-4D66-B2BA-D3AF01657160}.Debug|Any CPU.ActiveCfg = Debug|Any CPU
		{393A4BEC-A234-4D66-B2BA-D3AF01657160}.Debug|Any CPU.Build.0 = Debug|Any CPU
		{393A4BEC-A234-4D66-B2BA-D3AF01657160}.Release|Any CPU.ActiveCfg = Release|Any CPU
		{393A4BEC-A234-4D66-B2BA-D3AF01657160}.Release|Any CPU.Build.0 = Release|Any CPU
		{607C129E-2B8C-4F94-811C-7746341D74E0}.Debug|Any CPU.ActiveCfg = Debug|Any CPU
		{607C129E-2B8C-4F94-811C-7746341D74E0}.Debug|Any CPU.Build.0 = Debug|Any CPU
		{607C129E-2B8C-4F94-811C-7746341D74E0}.Release|Any CPU.ActiveCfg = Release|Any CPU
		{607C129E-2B8C-4F94-811C-7746341D74E0}.Release|Any CPU.Build.0 = Release|Any CPU
		{7B8C9D0E-1F2A-3B4C-5D6E-7F8A9B0C1D2E}.Debug|Any CPU.ActiveCfg = Debug|Any CPU
		{7B8C9D0E-1F2A-3B4C-5D6E-7F8A9B0C1D2E}.Debug|Any CPU.Build.0 = Debug|Any CPU
		{7B8C9D0E-1F2A-3B4C-5D6E-7F8A9B0C1D2E}.Release|Any CPU.ActiveCfg = Release|Any CPU
		{7B8C9D0E-1F2A-3B4C-5D6E-7F8A9B0C1D2E}.Release|Any CPU.Build.0 = Release|Any CPU
	EndGlobalSection
	GlobalSection(NestedProjects) = preSolution
		{94B88217-0E71-4514-A2D2-1D32A5A60353} = {B29049C2-2640-400C-8AE3-9611660A0CA2}
		{A05452A0-2E06-42D4-ACDB-F2B3ED4C86B8} = {B29049C2-2640-400C-8AE3-9611660A0CA2}
		{C60F83D5-A934-4B0E-B04D-8233CCB24496} = {A05452A0-2E06-42D4-ACDB-F2B3ED4C86B8}
		{0EAFACD8-332A-4DF5-B4CE-CCD192AC1FE4} = {A05452A0-2E06-42D4-ACDB-F2B3ED4C86B8}
		{A50A5F02-44C2-4872-97EC-9EDEB1009CCA} = {AF94BC20-1B80-4585-98C7-1116EA95CB3D}
		{393A4BEC-A234-4D66-B2BA-D3AF01657160} = {AF94BC20-1B80-4585-98C7-1116EA95CB3D}
		{607C129E-2B8C-4F94-811C-7746341D74E0} = {AF94BC20-1B80-4585-98C7-1116EA95CB3D}
		{EEF3836F-20CB-4FCE-80E6-196CB494F360} = {B29049C2-2640-400C-8AE3-9611660A0CA2}
		{9E3F2C4D-5E6F-7A8B-9C0D-1E2F3A4B5C6D} = {EEF3836F-20CB-4FCE-80E6-196CB494F360}
		{7B8C9D0E-1F2A-3B4C-5D6E-7F8A9B0C1D2E} = {EEF3836F-20CB-4FCE-80E6-196CB494F360}
		{8F2A1B3C-4D5E-6F7A-8B9C-0D1E2F3A4B5C} = {EEF3836F-20CB-4FCE-80E6-196CB494F360}
	EndGlobalSection
EndGlobal
