
Microsoft Visual Studio Solution File, Format Version 12.00
# Visual Studio Version 17
VisualStudioVersion = 17.0.31903.59
MinimumVisualStudioVersion = 10.0.40219.1
Project("{2150E333-8FDC-42A3-9474-1A3956D46DE8}") = "src", "src", "{DCCD5B3B-9E06-4058-8A82-968CA81AABE2}"
EndProject
Project("{FAE04EC0-301F-11D3-BF4B-00C04F79EFBC}") = "FluentComms.Core", "src\FluentComms.Core\FluentComms.Core.csproj", "{6E7D46C5-DF94-4D0D-BA66-BDB2004A287D}"
EndProject
Project("{2150E333-8FDC-42A3-9474-1A3956D46DE8}") = "Providers", "Providers", "{5B48FEAA-9DD0-481D-91AC-1ECC82151182}"
EndProject
Project("{FAE04EC0-301F-11D3-BF4B-00C04F79EFBC}") = "FluentComms.MailKit", "src\Providers\FluentComms.MailKit\FluentComms.MailKit.csproj", "{EBF87CAB-7B7B-4BC9-94E0-0562C81AB734}"
EndProject
Project("{2150E333-8FDC-42A3-9474-1A3956D46DE8}") = "Renderers", "Renderers", "{1C1758D7-EAA5-40F4-B6AE-2AC4848E1E61}"
EndProject
Project("{FAE04EC0-301F-11D3-BF4B-00C04F79EFBC}") = "FluentComms.Liquid", "src\Renderers\FluentComms.Liquid\FluentComms.Liquid.csproj", "{9B4335B6-921A-4A86-8715-61EA59406927}"
EndProject
Project("{2150E333-8FDC-42A3-9474-1A3956D46DE8}") = "tests", "tests", "{5DD57738-F9D1-4C1F-8F3A-687642D283B8}"
EndProject
Project("{FAE04EC0-301F-11D3-BF4B-00C04F79EFBC}") = "FluentComms.Tests", "tests\FluentComms.Tests\FluentComms.Tests.csproj", "{DA131A07-F9A6-4132-BE14-01CCAA5AE496}"
EndProject
Global
	GlobalSection(SolutionConfigurationPlatforms) = preSolution
		Debug|Any CPU = Debug|Any CPU
		Release|Any CPU = Release|Any CPU
	EndGlobalSection
	GlobalSection(SolutionProperties) = preSolution
		HideSolutionNode = FALSE
	EndGlobalSection
	GlobalSection(ProjectConfigurationPlatforms) = postSolution
		{6E7D46C5-DF94-4D0D-BA66-BDB2004A287D}.Debug|Any CPU.ActiveCfg = Debug|Any CPU
		{6E7D46C5-DF94-4D0D-BA66-BDB2004A287D}.Debug|Any CPU.Build.0 = Debug|Any CPU
		{6E7D46C5-DF94-4D0D-BA66-BDB2004A287D}.Release|Any CPU.ActiveCfg = Release|Any CPU
		{6E7D46C5-DF94-4D0D-BA66-BDB2004A287D}.Release|Any CPU.Build.0 = Release|Any CPU
		{EBF87CAB-7B7B-4BC9-94E0-0562C81AB734}.Debug|Any CPU.ActiveCfg = Debug|Any CPU
		{EBF87CAB-7B7B-4BC9-94E0-0562C81AB734}.Debug|Any CPU.Build.0 = Debug|Any CPU
		{EBF87CAB-7B7B-4BC9-94E0-0562C81AB734}.Release|Any CPU.ActiveCfg = Release|Any CPU
		{EBF87CAB-7B7B-4BC9-94E0-0562C81AB734}.Release|Any CPU.Build.0 = Release|Any CPU
		{9B4335B6-921A-4A86-8715-61EA59406927}.Debug|Any CPU.ActiveCfg = Debug|Any CPU
		{9B4335B6-921A-4A86-8715-61EA59406927}.Debug|Any CPU.Build.0 = Debug|Any CPU
		{9B4335B6-921A-4A86-8715-61EA59406927}.Release|Any CPU.ActiveCfg = Release|Any CPU
		{9B4335B6-921A-4A86-8715-61EA59406927}.Release|Any CPU.Build.0 = Release|Any CPU
		{DA131A07-F9A6-4132-BE14-01CCAA5AE496}.Debug|Any CPU.ActiveCfg = Debug|Any CPU
		{DA131A07-F9A6-4132-BE14-01CCAA5AE496}.Debug|Any CPU.Build.0 = Debug|Any CPU
		{DA131A07-F9A6-4132-BE14-01CCAA5AE496}.Release|Any CPU.ActiveCfg = Release|Any CPU
		{DA131A07-F9A6-4132-BE14-01CCAA5AE496}.Release|Any CPU.Build.0 = Release|Any CPU
	EndGlobalSection
	GlobalSection(NestedProjects) = preSolution
		{6E7D46C5-DF94-4D0D-BA66-BDB2004A287D} = {DCCD5B3B-9E06-4058-8A82-968CA81AABE2}
		{5B48FEAA-9DD0-481D-91AC-1ECC82151182} = {DCCD5B3B-9E06-4058-8A82-968CA81AABE2}
		{EBF87CAB-7B7B-4BC9-94E0-0562C81AB734} = {5B48FEAA-9DD0-481D-91AC-1ECC82151182}
		{1C1758D7-EAA5-40F4-B6AE-2AC4848E1E61} = {DCCD5B3B-9E06-4058-8A82-968CA81AABE2}
		{9B4335B6-921A-4A86-8715-61EA59406927} = {1C1758D7-EAA5-40F4-B6AE-2AC4848E1E61}
		{DA131A07-F9A6-4132-BE14-01CCAA5AE496} = {5DD57738-F9D1-4C1F-8F3A-687642D283B8}
	EndGlobalSection
EndGlobal
