
Microsoft Visual Studio Solution File, Format Version 12.00
# Visual Studio Version 17
VisualStudioVersion = 17.0.31903.59
MinimumVisualStudioVersion = 10.0.40219.1
Project("{2150E333-8FDC-42A3-9474-1A3956D46DE8}") = "src", "src", "{B29049C2-2640-400C-8AE3-9611660A0CA2}"
EndProject
Project("{FAE04EC0-301F-11D3-BF4B-00C04F79EFBC}") = "FluentCommunications.Core", "src\FluentCommunications.Core\FluentCommunications.Core.csproj", "{94B88217-0E71-4514-A2D2-1D32A5A60353}"
EndProject
Project("{2150E333-8FDC-42A3-9474-1A3956D46DE8}") = "Providers", "Providers", "{A05452A0-2E06-42D4-ACDB-F2B3ED4C86B8}"
EndProject
Project("{FAE04EC0-301F-11D3-BF4B-00C04F79EFBC}") = "FluentCommunications.Providers.SendGrid", "src\Providers\FluentCommunications.Providers.SendGrid\FluentCommunications.Providers.SendGrid.csproj", "{C60F83D5-A934-4B0E-B04D-8233CCB24496}"
EndProject
Project("{FAE04EC0-301F-11D3-BF4B-00C04F79EFBC}") = "FluentCommunications.Providers.Azure", "src\Providers\FluentCommunications.Providers.Azure\FluentCommunications.Providers.Azure.csproj", "{0EAFACD8-332A-4DF5-B4CE-CCD192AC1FE4}"
EndProject
Project("{2150E333-8FDC-42A3-9474-1A3956D46DE8}") = "tests", "tests", "{AF94BC20-1B80-4585-98C7-1116EA95CB3D}"
EndProject
Project("{FAE04EC0-301F-11D3-BF4B-00C04F79EFBC}") = "FluentCommunications.Core.Tests", "tests\FluentCommunications.Core.Tests\FluentCommunications.Core.Tests.csproj", "{A50A5F02-44C2-4872-97EC-9EDEB1009CCA}"
EndProject
Project("{FAE04EC0-301F-11D3-BF4B-00C04F79EFBC}") = "FluentCommunications.Providers.SendGrid.Tests", "tests\FluentCommunications.Providers.SendGrid.Tests\FluentCommunications.Providers.SendGrid.Tests.csproj", "{393A4BEC-A234-4D66-B2BA-D3AF01657160}"
EndProject
Project("{FAE04EC0-301F-11D3-BF4B-00C04F79EFBC}") = "FluentCommunications.Providers.Azure.Tests", "tests\FluentCommunications.Providers.Azure.Tests\FluentCommunications.Providers.Azure.Tests.csproj", "{607C129E-2B8C-4F94-811C-7746341D74E0}"
EndProject
Global
	GlobalSection(SolutionConfigurationPlatforms) = preSolution
		Debug|Any CPU = Debug|Any CPU
		Release|Any CPU = Release|Any CPU
	EndGlobalSection
	GlobalSection(SolutionProperties) = preSolution
		HideSolutionNode = FALSE
	EndGlobalSection
	GlobalSection(ProjectConfigurationPlatforms) = postSolution
		{94B88217-0E71-4514-A2D2-1D32A5A60353}.Debug|Any CPU.ActiveCfg = Debug|Any CPU
		{94B88217-0E71-4514-A2D2-1D32A5A60353}.Debug|Any CPU.Build.0 = Debug|Any CPU
		{94B88217-0E71-4514-A2D2-1D32A5A60353}.Release|Any CPU.ActiveCfg = Release|Any CPU
		{94B88217-0E71-4514-A2D2-1D32A5A60353}.Release|Any CPU.Build.0 = Release|Any CPU
		{C60F83D5-A934-4B0E-B04D-8233CCB24496}.Debug|Any CPU.ActiveCfg = Debug|Any CPU
		{C60F83D5-A934-4B0E-B04D-8233CCB24496}.Debug|Any CPU.Build.0 = Debug|Any CPU
		{C60F83D5-A934-4B0E-B04D-8233CCB24496}.Release|Any CPU.ActiveCfg = Release|Any CPU
		{C60F83D5-A934-4B0E-B04D-8233CCB24496}.Release|Any CPU.Build.0 = Release|Any CPU
		{0EAFACD8-332A-4DF5-B4CE-CCD192AC1FE4}.Debug|Any CPU.ActiveCfg = Debug|Any CPU
		{0EAFACD8-332A-4DF5-B4CE-CCD192AC1FE4}.Debug|Any CPU.Build.0 = Debug|Any CPU
		{0EAFACD8-332A-4DF5-B4CE-CCD192AC1FE4}.Release|Any CPU.ActiveCfg = Release|Any CPU
		{0EAFACD8-332A-4DF5-B4CE-CCD192AC1FE4}.Release|Any CPU.Build.0 = Release|Any CPU
		{A50A5F02-44C2-4872-97EC-9EDEB1009CCA}.Debug|Any CPU.ActiveCfg = Debug|Any CPU
		{A50A5F02-44C2-4872-97EC-9EDEB1009CCA}.Debug|Any CPU.Build.0 = Debug|Any CPU
		{A50A5F02-44C2-4872-97EC-9EDEB1009CCA}.Release|Any CPU.ActiveCfg = Release|Any CPU
		{A50A5F02-44C2-4872-97EC-9EDEB1009CCA}.Release|Any CPU.Build.0 = Release|Any CPU
		{393A4BEC-A234-4D66-B2BA-D3AF01657160}.Debug|Any CPU.ActiveCfg = Debug|Any CPU
		{393A4BEC-A234-4D66-B2BA-D3AF01657160}.Debug|Any CPU.Build.0 = Debug|Any CPU
		{393A4BEC-A234-4D66-B2BA-D3AF01657160}.Release|Any CPU.ActiveCfg = Release|Any CPU
		{393A4BEC-A234-4D66-B2BA-D3AF01657160}.Release|Any CPU.Build.0 = Release|Any CPU
		{607C129E-2B8C-4F94-811C-7746341D74E0}.Debug|Any CPU.ActiveCfg = Debug|Any CPU
		{607C129E-2B8C-4F94-811C-7746341D74E0}.Debug|Any CPU.Build.0 = Debug|Any CPU
		{607C129E-2B8C-4F94-811C-7746341D74E0}.Release|Any CPU.ActiveCfg = Release|Any CPU
		{607C129E-2B8C-4F94-811C-7746341D74E0}.Release|Any CPU.Build.0 = Release|Any CPU
	EndGlobalSection
	GlobalSection(NestedProjects) = preSolution
		{94B88217-0E71-4514-A2D2-1D32A5A60353} = {B29049C2-2640-400C-8AE3-9611660A0CA2}
		{A05452A0-2E06-42D4-ACDB-F2B3ED4C86B8} = {B29049C2-2640-400C-8AE3-9611660A0CA2}
		{C60F83D5-A934-4B0E-B04D-8233CCB24496} = {A05452A0-2E06-42D4-ACDB-F2B3ED4C86B8}
		{0EAFACD8-332A-4DF5-B4CE-CCD192AC1FE4} = {A05452A0-2E06-42D4-ACDB-F2B3ED4C86B8}
		{A50A5F02-44C2-4872-97EC-9EDEB1009CCA} = {AF94BC20-1B80-4585-98C7-1116EA95CB3D}
		{393A4BEC-A234-4D66-B2BA-D3AF01657160} = {AF94BC20-1B80-4585-98C7-1116EA95CB3D}
		{607C129E-2B8C-4F94-811C-7746341D74E0} = {AF94BC20-1B80-4585-98C7-1116EA95CB3D}
	EndGlobalSection
EndGlobal
